
Microsoft Visual Studio Solution File, Format Version 12.00
# Visual Studio Version 17
VisualStudioVersion = 17.7.34009.444
MinimumVisualStudioVersion = 10.0.40219.1
Project("{FAE04EC0-301F-11D3-BF4B-00C04F79EFBC}") = "CheckDigits", "CheckDigits\CheckDigits.csproj", "{0F8F7EAB-B080-41EA-ABAC-EEB3484091F3}"
EndProject
Project("{FAE04EC0-301F-11D3-BF4B-00C04F79EFBC}") = "CheckDigits.Tests.Unit", "CheckDigits.Tests.Unit\CheckDigits.Tests.Unit.csproj", "{9975AA30-E094-4A3A-BFA9-17FD2DA2DF5A}"
EndProject
Project("{FAE04EC0-301F-11D3-BF4B-00C04F79EFBC}") = "CheckDigits.Tests.Benchmarks", "CheckDigits.Tests.Benchmarks\CheckDigits.Tests.Benchmarks.csproj", "{949A9188-21C0-4D8D-914A-A329905734A5}"
EndProject
Global
	GlobalSection(SolutionConfigurationPlatforms) = preSolution
		Debug|Any CPU = Debug|Any CPU
		Release|Any CPU = Release|Any CPU
	EndGlobalSection
	GlobalSection(ProjectConfigurationPlatforms) = postSolution
		{0F8F7EAB-B080-41EA-ABAC-EEB3484091F3}.Debug|Any CPU.ActiveCfg = Debug|Any CPU
		{0F8F7EAB-B080-41EA-ABAC-EEB3484091F3}.Debug|Any CPU.Build.0 = Debug|Any CPU
		{0F8F7EAB-B080-41EA-ABAC-EEB3484091F3}.Release|Any CPU.ActiveCfg = Release|Any CPU
		{0F8F7EAB-B080-41EA-ABAC-EEB3484091F3}.Release|Any CPU.Build.0 = Release|Any CPU
		{9975AA30-E094-4A3A-BFA9-17FD2DA2DF5A}.Debug|Any CPU.ActiveCfg = Debug|Any CPU
		{9975AA30-E094-4A3A-BFA9-17FD2DA2DF5A}.Debug|Any CPU.Build.0 = Debug|Any CPU
		{9975AA30-E094-4A3A-BFA9-17FD2DA2DF5A}.Release|Any CPU.ActiveCfg = Release|Any CPU
		{9975AA30-E094-4A3A-BFA9-17FD2DA2DF5A}.Release|Any CPU.Build.0 = Release|Any CPU
		{949A9188-21C0-4D8D-914A-A329905734A5}.Debug|Any CPU.ActiveCfg = Debug|Any CPU
		{949A9188-21C0-4D8D-914A-A329905734A5}.Debug|Any CPU.Build.0 = Debug|Any CPU
		{949A9188-21C0-4D8D-914A-A329905734A5}.Release|Any CPU.ActiveCfg = Release|Any CPU
		{949A9188-21C0-4D8D-914A-A329905734A5}.Release|Any CPU.Build.0 = Release|Any CPU
	EndGlobalSection
	GlobalSection(SolutionProperties) = preSolution
		HideSolutionNode = FALSE
	EndGlobalSection
	GlobalSection(ExtensibilityGlobals) = postSolution
		SolutionGuid = {2037CEC5-C4DF-4708-A8EF-A11C947AF1A3}
	EndGlobalSection
EndGlobal
